
Microsoft Visual Studio Solution File, Format Version 12.00
# Visual Studio Version 17
VisualStudioVersion = 17.13.35919.96 d17.13
MinimumVisualStudioVersion = 10.0.40219.1
Project("{FAE04EC0-301F-11D3-BF4B-00C04F79EFBC}") = "ConsoleApp3", "ConsoleApp3\ConsoleApp3.csproj", "{DF757B8F-8A43-4809-A5F1-FDD3255AB4BD}"
EndProject
Global
	GlobalSection(SolutionConfigurationPlatforms) = preSolution
		Debug|Any CPU = Debug|Any CPU
		Release|Any CPU = Release|Any CPU
	EndGlobalSection
	GlobalSection(ProjectConfigurationPlatforms) = postSolution
		{DF757B8F-8A43-4809-A5F1-FDD3255AB4BD}.Debug|Any CPU.ActiveCfg = Debug|Any CPU
		{DF757B8F-8A43-4809-A5F1-FDD3255AB4BD}.Debug|Any CPU.Build.0 = Debug|Any CPU
		{DF757B8F-8A43-4809-A5F1-FDD3255AB4BD}.Release|Any CPU.ActiveCfg = Release|Any CPU
		{DF757B8F-8A43-4809-A5F1-FDD3255AB4BD}.Release|Any CPU.Build.0 = Release|Any CPU
	EndGlobalSection
	GlobalSection(SolutionProperties) = preSolution
		HideSolutionNode = FALSE
	EndGlobalSection
	GlobalSection(ExtensibilityGlobals) = postSolution
		SolutionGuid = {ADBFC4F2-7113-4FCE-8936-30D58F6CF151}
	EndGlobalSection
EndGlobal
